
Microsoft Visual Studio Solution File, Format Version 12.00
# Visual Studio Version 16
VisualStudioVersion = 16.0.29519.87
MinimumVisualStudioVersion = 10.0.40219.1
Project("{FAE04EC0-301F-11D3-BF4B-00C04F79EFBC}") = "Ders1", "Ders1\Ders1.csproj", "{34EB4124-C34E-444D-B013-FFB3595E2DD6}"
EndProject
Project("{FAE04EC0-301F-11D3-BF4B-00C04F79EFBC}") = "Ders2", "Ders2\Ders2.csproj", "{E4A6F58E-CA74-486F-8CD0-AD89F102BB0F}"
EndProject
Project("{FAE04EC0-301F-11D3-BF4B-00C04F79EFBC}") = "Ders3", "Ders3\Ders3.csproj", "{3D39C0F6-6C85-4E20-942A-CCDF43DD8EE3}"
EndProject
Project("{FAE04EC0-301F-11D3-BF4B-00C04F79EFBC}") = "Ders4", "Ders4\Ders4.csproj", "{46508292-F4CA-4121-AD7E-9B03FA8D7A29}"
EndProject
Project("{FAE04EC0-301F-11D3-BF4B-00C04F79EFBC}") = "Ders5", "Ders5\Ders5.csproj", "{3F33BD91-547A-4925-8320-C2632E43F860}"
EndProject
Project("{FAE04EC0-301F-11D3-BF4B-00C04F79EFBC}") = "Ders6", "Ders6\Ders6.csproj", "{026B7693-A087-48C9-B68A-527AABAB4EF3}"
EndProject
Project("{FAE04EC0-301F-11D3-BF4B-00C04F79EFBC}") = "Ders7", "Ders7\Ders7.csproj", "{389A63CE-FA56-45E5-81B9-9063B2546DAC}"
EndProject
Project("{FAE04EC0-301F-11D3-BF4B-00C04F79EFBC}") = "Ders8", "Ders8\Ders8.csproj", "{3C6DCC94-7435-4AA2-A3CC-74D2DA76CFEF}"
EndProject
Project("{FAE04EC0-301F-11D3-BF4B-00C04F79EFBC}") = "Ders9", "Ders9\Ders9.csproj", "{8EC7F95A-F768-4D27-B056-1AB5117D89DD}"
EndProject
Project("{FAE04EC0-301F-11D3-BF4B-00C04F79EFBC}") = "Ders10", "Ders10\Ders10.csproj", "{48D9437E-77D2-4FC9-BD66-3783F4B14AF4}"
EndProject
Project("{FAE04EC0-301F-11D3-BF4B-00C04F79EFBC}") = "Ders11", "Ders11\Ders11.csproj", "{CBB988EF-33D3-4EC7-A1E7-819B3F14436D}"
EndProject
Project("{FAE04EC0-301F-11D3-BF4B-00C04F79EFBC}") = "Ders12", "Ders12\Ders12.csproj", "{3213A3DF-5F25-4817-B429-D23A5A060906}"
EndProject
Project("{FAE04EC0-301F-11D3-BF4B-00C04F79EFBC}") = "Ders13", "Ders13\Ders13.csproj", "{7B9CDB53-AAA1-4755-88E8-40488E3DB76B}"
EndProject
Project("{FAE04EC0-301F-11D3-BF4B-00C04F79EFBC}") = "Ders14", "Ders14\Ders14.csproj", "{3F82A99D-B9AE-4800-8395-CDEE6CC1DD21}"
EndProject
Project("{FAE04EC0-301F-11D3-BF4B-00C04F79EFBC}") = "Ders15", "Ders15\Ders15.csproj", "{11906BB7-E47B-4F55-B643-229AF64BA9DC}"
EndProject
Project("{FAE04EC0-301F-11D3-BF4B-00C04F79EFBC}") = "Ders16", "Ders16\Ders16.csproj", "{7142C28E-6816-4051-9644-30AD06386EFE}"
EndProject
Project("{FAE04EC0-301F-11D3-BF4B-00C04F79EFBC}") = "Ders17", "Ders17\Ders17.csproj", "{6B856815-99A3-49D8-B28F-BAA0B3CAA52B}"
EndProject
Project("{FAE04EC0-301F-11D3-BF4B-00C04F79EFBC}") = "Ders18", "Ders18\Ders18.csproj", "{B46338E6-A78E-4ABC-AFD5-D509B5AD8B50}"
EndProject
Project("{FAE04EC0-301F-11D3-BF4B-00C04F79EFBC}") = "Ders19", "Ders19\Ders19.csproj", "{00ABD843-CE2C-43A4-ABC2-01A033DFBB11}"
EndProject
Project("{FAE04EC0-301F-11D3-BF4B-00C04F79EFBC}") = "Ders20", "Ders20\Ders20.csproj", "{3B33981E-AD37-46ED-82EE-1F7D6F27B12A}"
EndProject
Global
	GlobalSection(SolutionConfigurationPlatforms) = preSolution
		Debug|Any CPU = Debug|Any CPU
		Release|Any CPU = Release|Any CPU
	EndGlobalSection
	GlobalSection(ProjectConfigurationPlatforms) = postSolution
		{34EB4124-C34E-444D-B013-FFB3595E2DD6}.Debug|Any CPU.ActiveCfg = Debug|Any CPU
		{34EB4124-C34E-444D-B013-FFB3595E2DD6}.Debug|Any CPU.Build.0 = Debug|Any CPU
		{34EB4124-C34E-444D-B013-FFB3595E2DD6}.Release|Any CPU.ActiveCfg = Release|Any CPU
		{34EB4124-C34E-444D-B013-FFB3595E2DD6}.Release|Any CPU.Build.0 = Release|Any CPU
		{E4A6F58E-CA74-486F-8CD0-AD89F102BB0F}.Debug|Any CPU.ActiveCfg = Debug|Any CPU
		{E4A6F58E-CA74-486F-8CD0-AD89F102BB0F}.Debug|Any CPU.Build.0 = Debug|Any CPU
		{E4A6F58E-CA74-486F-8CD0-AD89F102BB0F}.Release|Any CPU.ActiveCfg = Release|Any CPU
		{E4A6F58E-CA74-486F-8CD0-AD89F102BB0F}.Release|Any CPU.Build.0 = Release|Any CPU
		{3D39C0F6-6C85-4E20-942A-CCDF43DD8EE3}.Debug|Any CPU.ActiveCfg = Debug|Any CPU
		{3D39C0F6-6C85-4E20-942A-CCDF43DD8EE3}.Debug|Any CPU.Build.0 = Debug|Any CPU
		{3D39C0F6-6C85-4E20-942A-CCDF43DD8EE3}.Release|Any CPU.ActiveCfg = Release|Any CPU
		{3D39C0F6-6C85-4E20-942A-CCDF43DD8EE3}.Release|Any CPU.Build.0 = Release|Any CPU
		{46508292-F4CA-4121-AD7E-9B03FA8D7A29}.Debug|Any CPU.ActiveCfg = Debug|Any CPU
		{46508292-F4CA-4121-AD7E-9B03FA8D7A29}.Debug|Any CPU.Build.0 = Debug|Any CPU
		{46508292-F4CA-4121-AD7E-9B03FA8D7A29}.Release|Any CPU.ActiveCfg = Release|Any CPU
		{46508292-F4CA-4121-AD7E-9B03FA8D7A29}.Release|Any CPU.Build.0 = Release|Any CPU
		{3F33BD91-547A-4925-8320-C2632E43F860}.Debug|Any CPU.ActiveCfg = Debug|Any CPU
		{3F33BD91-547A-4925-8320-C2632E43F860}.Debug|Any CPU.Build.0 = Debug|Any CPU
		{3F33BD91-547A-4925-8320-C2632E43F860}.Release|Any CPU.ActiveCfg = Release|Any CPU
		{3F33BD91-547A-4925-8320-C2632E43F860}.Release|Any CPU.Build.0 = Release|Any CPU
		{026B7693-A087-48C9-B68A-527AABAB4EF3}.Debug|Any CPU.ActiveCfg = Debug|Any CPU
		{026B7693-A087-48C9-B68A-527AABAB4EF3}.Debug|Any CPU.Build.0 = Debug|Any CPU
		{026B7693-A087-48C9-B68A-527AABAB4EF3}.Release|Any CPU.ActiveCfg = Release|Any CPU
		{026B7693-A087-48C9-B68A-527AABAB4EF3}.Release|Any CPU.Build.0 = Release|Any CPU
		{389A63CE-FA56-45E5-81B9-9063B2546DAC}.Debug|Any CPU.ActiveCfg = Debug|Any CPU
		{389A63CE-FA56-45E5-81B9-9063B2546DAC}.Debug|Any CPU.Build.0 = Debug|Any CPU
		{389A63CE-FA56-45E5-81B9-9063B2546DAC}.Release|Any CPU.ActiveCfg = Release|Any CPU
		{389A63CE-FA56-45E5-81B9-9063B2546DAC}.Release|Any CPU.Build.0 = Release|Any CPU
		{3C6DCC94-7435-4AA2-A3CC-74D2DA76CFEF}.Debug|Any CPU.ActiveCfg = Debug|Any CPU
		{3C6DCC94-7435-4AA2-A3CC-74D2DA76CFEF}.Debug|Any CPU.Build.0 = Debug|Any CPU
		{3C6DCC94-7435-4AA2-A3CC-74D2DA76CFEF}.Release|Any CPU.ActiveCfg = Release|Any CPU
		{3C6DCC94-7435-4AA2-A3CC-74D2DA76CFEF}.Release|Any CPU.Build.0 = Release|Any CPU
		{8EC7F95A-F768-4D27-B056-1AB5117D89DD}.Debug|Any CPU.ActiveCfg = Debug|Any CPU
		{8EC7F95A-F768-4D27-B056-1AB5117D89DD}.Debug|Any CPU.Build.0 = Debug|Any CPU
		{8EC7F95A-F768-4D27-B056-1AB5117D89DD}.Release|Any CPU.ActiveCfg = Release|Any CPU
		{8EC7F95A-F768-4D27-B056-1AB5117D89DD}.Release|Any CPU.Build.0 = Release|Any CPU
		{48D9437E-77D2-4FC9-BD66-3783F4B14AF4}.Debug|Any CPU.ActiveCfg = Debug|Any CPU
		{48D9437E-77D2-4FC9-BD66-3783F4B14AF4}.Debug|Any CPU.Build.0 = Debug|Any CPU
		{48D9437E-77D2-4FC9-BD66-3783F4B14AF4}.Release|Any CPU.ActiveCfg = Release|Any CPU
		{48D9437E-77D2-4FC9-BD66-3783F4B14AF4}.Release|Any CPU.Build.0 = Release|Any CPU
		{CBB988EF-33D3-4EC7-A1E7-819B3F14436D}.Debug|Any CPU.ActiveCfg = Debug|Any CPU
		{CBB988EF-33D3-4EC7-A1E7-819B3F14436D}.Debug|Any CPU.Build.0 = Debug|Any CPU
		{CBB988EF-33D3-4EC7-A1E7-819B3F14436D}.Release|Any CPU.ActiveCfg = Release|Any CPU
		{CBB988EF-33D3-4EC7-A1E7-819B3F14436D}.Release|Any CPU.Build.0 = Release|Any CPU
		{3213A3DF-5F25-4817-B429-D23A5A060906}.Debug|Any CPU.ActiveCfg = Debug|Any CPU
		{3213A3DF-5F25-4817-B429-D23A5A060906}.Debug|Any CPU.Build.0 = Debug|Any CPU
		{3213A3DF-5F25-4817-B429-D23A5A060906}.Release|Any CPU.ActiveCfg = Release|Any CPU
		{3213A3DF-5F25-4817-B429-D23A5A060906}.Release|Any CPU.Build.0 = Release|Any CPU
		{7B9CDB53-AAA1-4755-88E8-40488E3DB76B}.Debug|Any CPU.ActiveCfg = Debug|Any CPU
		{7B9CDB53-AAA1-4755-88E8-40488E3DB76B}.Debug|Any CPU.Build.0 = Debug|Any CPU
		{7B9CDB53-AAA1-4755-88E8-40488E3DB76B}.Release|Any CPU.ActiveCfg = Release|Any CPU
		{7B9CDB53-AAA1-4755-88E8-40488E3DB76B}.Release|Any CPU.Build.0 = Release|Any CPU
		{3F82A99D-B9AE-4800-8395-CDEE6CC1DD21}.Debug|Any CPU.ActiveCfg = Debug|Any CPU
		{3F82A99D-B9AE-4800-8395-CDEE6CC1DD21}.Debug|Any CPU.Build.0 = Debug|Any CPU
		{3F82A99D-B9AE-4800-8395-CDEE6CC1DD21}.Release|Any CPU.ActiveCfg = Release|Any CPU
		{3F82A99D-B9AE-4800-8395-CDEE6CC1DD21}.Release|Any CPU.Build.0 = Release|Any CPU
		{11906BB7-E47B-4F55-B643-229AF64BA9DC}.Debug|Any CPU.ActiveCfg = Debug|Any CPU
		{11906BB7-E47B-4F55-B643-229AF64BA9DC}.Debug|Any CPU.Build.0 = Debug|Any CPU
		{11906BB7-E47B-4F55-B643-229AF64BA9DC}.Release|Any CPU.ActiveCfg = Release|Any CPU
		{11906BB7-E47B-4F55-B643-229AF64BA9DC}.Release|Any CPU.Build.0 = Release|Any CPU
		{7142C28E-6816-4051-9644-30AD06386EFE}.Debug|Any CPU.ActiveCfg = Debug|Any CPU
		{7142C28E-6816-4051-9644-30AD06386EFE}.Debug|Any CPU.Build.0 = Debug|Any CPU
		{7142C28E-6816-4051-9644-30AD06386EFE}.Release|Any CPU.ActiveCfg = Release|Any CPU
		{7142C28E-6816-4051-9644-30AD06386EFE}.Release|Any CPU.Build.0 = Release|Any CPU
		{6B856815-99A3-49D8-B28F-BAA0B3CAA52B}.Debug|Any CPU.ActiveCfg = Debug|Any CPU
		{6B856815-99A3-49D8-B28F-BAA0B3CAA52B}.Debug|Any CPU.Build.0 = Debug|Any CPU
		{6B856815-99A3-49D8-B28F-BAA0B3CAA52B}.Release|Any CPU.ActiveCfg = Release|Any CPU
		{6B856815-99A3-49D8-B28F-BAA0B3CAA52B}.Release|Any CPU.Build.0 = Release|Any CPU
		{B46338E6-A78E-4ABC-AFD5-D509B5AD8B50}.Debug|Any CPU.ActiveCfg = Debug|Any CPU
		{B46338E6-A78E-4ABC-AFD5-D509B5AD8B50}.Debug|Any CPU.Build.0 = Debug|Any CPU
		{B46338E6-A78E-4ABC-AFD5-D509B5AD8B50}.Release|Any CPU.ActiveCfg = Release|Any CPU
		{B46338E6-A78E-4ABC-AFD5-D509B5AD8B50}.Release|Any CPU.Build.0 = Release|Any CPU
		{00ABD843-CE2C-43A4-ABC2-01A033DFBB11}.Debug|Any CPU.ActiveCfg = Debug|Any CPU
		{00ABD843-CE2C-43A4-ABC2-01A033DFBB11}.Debug|Any CPU.Build.0 = Debug|Any CPU
		{00ABD843-CE2C-43A4-ABC2-01A033DFBB11}.Release|Any CPU.ActiveCfg = Release|Any CPU
		{00ABD843-CE2C-43A4-ABC2-01A033DFBB11}.Release|Any CPU.Build.0 = Release|Any CPU
		{3B33981E-AD37-46ED-82EE-1F7D6F27B12A}.Debug|Any CPU.ActiveCfg = Debug|Any CPU
		{3B33981E-AD37-46ED-82EE-1F7D6F27B12A}.Debug|Any CPU.Build.0 = Debug|Any CPU
		{3B33981E-AD37-46ED-82EE-1F7D6F27B12A}.Release|Any CPU.ActiveCfg = Release|Any CPU
		{3B33981E-AD37-46ED-82EE-1F7D6F27B12A}.Release|Any CPU.Build.0 = Release|Any CPU
	EndGlobalSection
	GlobalSection(SolutionProperties) = preSolution
		HideSolutionNode = FALSE
	EndGlobalSection
	GlobalSection(ExtensibilityGlobals) = postSolution
		SolutionGuid = {2033DDFB-483D-4E82-9416-4524F354BCA1}
	EndGlobalSection
EndGlobal
